
Microsoft Visual Studio Solution File, Format Version 12.00
# Visual Studio 14
VisualStudioVersion = 14.0.25420.1
MinimumVisualStudioVersion = 10.0.40219.1
Project("{2150E333-8FDC-42A3-9474-1A3956D46DE8}") = "src", "src", "{71A54D69-0816-4E8B-AB00-9651AD669F80}"
EndProject
Project("{2150E333-8FDC-42A3-9474-1A3956D46DE8}") = "Solution Items", "Solution Items", "{9D0EB866-5456-4355-8766-656D8856E44C}"
	ProjectSection(SolutionItems) = preProject
		global.json = global.json
	EndProjectSection
EndProject
Project("{8BB2217D-0F2D-49D1-97BC-3654ED321F3B}") = "FlatAndRooms", "src\FlatAndRooms\FlatAndRooms.xproj", "{ACFD81E3-6004-4B82-9239-7E78EF24FD32}"
EndProject
Global
	GlobalSection(SolutionConfigurationPlatforms) = preSolution
		Debug|Any CPU = Debug|Any CPU
		Release|Any CPU = Release|Any CPU
	EndGlobalSection
	GlobalSection(ProjectConfigurationPlatforms) = postSolution
		{ACFD81E3-6004-4B82-9239-7E78EF24FD32}.Debug|Any CPU.ActiveCfg = Debug|Any CPU
		{ACFD81E3-6004-4B82-9239-7E78EF24FD32}.Debug|Any CPU.Build.0 = Debug|Any CPU
		{ACFD81E3-6004-4B82-9239-7E78EF24FD32}.Release|Any CPU.ActiveCfg = Release|Any CPU
		{ACFD81E3-6004-4B82-9239-7E78EF24FD32}.Release|Any CPU.Build.0 = Release|Any CPU
	EndGlobalSection
	GlobalSection(SolutionProperties) = preSolution
		HideSolutionNode = FALSE
	EndGlobalSection
	GlobalSection(NestedProjects) = preSolution
		{ACFD81E3-6004-4B82-9239-7E78EF24FD32} = {71A54D69-0816-4E8B-AB00-9651AD669F80}
	EndGlobalSection
EndGlobal
